version = 1
requires-python = ">=3.8"

[[package]]
name = "dmtpy"
version = "0.3.4"
source = { registry = "https://pypi.org/simple" }
dependencies = [
    { name = "h5py" },
    { name = "numpy" },
]
sdist = { url = "https://files.pythonhosted.org/packages/75/80/cc950f15acbd37dd5ce7f3f87191434c303a63468835c33882d6ddba6a88/dmtpy-0.3.4.tar.gz", hash = "sha256:9f2e8155bc9d62580a3fae5c68c0e3105f85843e8f01f5ee8db86081cf22febb", size = 9211 }
wheels = [
    { url = "https://files.pythonhosted.org/packages/2c/86/3c3126fdbc54f93fd56fb0dff260270281657c7c685473196dbfa53c294f/dmtpy-0.3.4-py3-none-any.whl", hash = "sha256:c24f4524b66808b35b5f41e4248e15ef08b2552f75bd48340215dff4f79f1b27", size = 14336 },
]

[[package]]
name = "h5py"
version = "3.11.0"
source = { registry = "https://pypi.org/simple" }
dependencies = [
    { name = "numpy" },
]
sdist = { url = "https://files.pythonhosted.org/packages/52/8f/e557819155a282da36fb21f8de4730cfd10a964b52b3ae8d20157ac1c668/h5py-3.11.0.tar.gz", hash = "sha256:7b7e8f78072a2edec87c9836f25f34203fd492a4475709a18b417a33cfb21fa9", size = 406519 }
wheels = [
    { url = "https://files.pythonhosted.org/packages/ac/25/a1cc81b3a742b73f9409bafe4762c9de0940cce0955d4b6754698fd5ce44/h5py-3.11.0-cp310-cp310-macosx_10_9_x86_64.whl", hash = "sha256:1625fd24ad6cfc9c1ccd44a66dac2396e7ee74940776792772819fc69f3a3731", size = 3477113 },
    { url = "https://files.pythonhosted.org/packages/d4/03/bbb9a992fb43d3ce46687b7c14107f0fa56e6c8704c9ca945a9392cbc8ce/h5py-3.11.0-cp310-cp310-macosx_11_0_arm64.whl", hash = "sha256:c072655ad1d5fe9ef462445d3e77a8166cbfa5e599045f8aa3c19b75315f10e5", size = 2939879 },
    { url = "https://files.pythonhosted.org/packages/94/00/94bf8573e7487b7c37f2b613fc381880d48ec2311f2e859b8a5817deb4df/h5py-3.11.0-cp310-cp310-manylinux_2_17_x86_64.manylinux2014_x86_64.whl", hash = "sha256:77b19a40788e3e362b54af4dcf9e6fde59ca016db2c61360aa30b47c7b7cef00", size = 5306122 },
    { url = "https://files.pythonhosted.org/packages/bb/0d/fbadb9c69e2a31f641bc24e8d21671129ef3b73f0c61bb16b094fadf1385/h5py-3.11.0-cp310-cp310-win_amd64.whl", hash = "sha256:ef4e2f338fc763f50a8113890f455e1a70acd42a4d083370ceb80c463d803972", size = 2968816 },
    { url = "https://files.pythonhosted.org/packages/a0/52/38bb74cc4362738cc7ef819503fc54d70f0c3a7378519ccb0ac309389122/h5py-3.11.0-cp311-cp311-macosx_10_9_x86_64.whl", hash = "sha256:bbd732a08187a9e2a6ecf9e8af713f1d68256ee0f7c8b652a32795670fb481ba", size = 3489913 },
    { url = "https://files.pythonhosted.org/packages/f0/af/dfbea0c69fe725e9e77259d42f4e14eb582eb094200aaf697feb36f513d8/h5py-3.11.0-cp311-cp311-macosx_11_0_arm64.whl", hash = "sha256:75bd7b3d93fbeee40860fd70cdc88df4464e06b70a5ad9ce1446f5f32eb84007", size = 2946912 },
    { url = "https://files.pythonhosted.org/packages/af/26/f231ee425c8df93c1abbead3d90ea4a5ff3d6aa49e0edfd3b4c017e74844/h5py-3.11.0-cp311-cp311-manylinux_2_17_x86_64.manylinux2014_x86_64.whl", hash = "sha256:52c416f8eb0daae39dabe71415cb531f95dce2d81e1f61a74537a50c63b28ab3", size = 5420165 },
    { url = "https://files.pythonhosted.org/packages/d8/5e/b7b83cfe60504cc4d24746aed04353af7ea8ec104e597e5ae71b8d0390cb/h5py-3.11.0-cp311-cp311-win_amd64.whl", hash = "sha256:083e0329ae534a264940d6513f47f5ada617da536d8dccbafc3026aefc33c90e", size = 2979079 },
    { url = "https://files.pythonhosted.org/packages/58/a9/2655d4b8355d0ee783dc89dd40b5f0780e6f54a4c9b60721dc235fd6c457/h5py-3.11.0-cp312-cp312-macosx_10_9_x86_64.whl", hash = "sha256:a76cae64080210389a571c7d13c94a1a6cf8cb75153044fd1f822a962c97aeab", size = 3466468 },
    { url = "https://files.pythonhosted.org/packages/9d/3f/cf80ef55e0a9b18aae96c763fbd275c54d0723e0f2cc54f954f87cc5c69a/h5py-3.11.0-cp312-cp312-macosx_11_0_arm64.whl", hash = "sha256:f3736fe21da2b7d8a13fe8fe415f1272d2a1ccdeff4849c1421d2fb30fd533bc", size = 2943214 },
    { url = "https://files.pythonhosted.org/packages/db/7e/fedac8bb8c4729409e2dec5e4136a289116d701d54f69ce73c5617afc5f0/h5py-3.11.0-cp312-cp312-manylinux_2_17_x86_64.manylinux2014_x86_64.whl", hash = "sha256:aa6ae84a14103e8dc19266ef4c3e5d7c00b68f21d07f2966f0ca7bdb6c2761fb", size = 5378375 },
    { url = "https://files.pythonhosted.org/packages/2b/b2/0ee327933ffa37af1fc7915df7fc067e6009adcd8445d55ad07a9bec11b5/h5py-3.11.0-cp312-cp312-win_amd64.whl", hash = "sha256:21dbdc5343f53b2e25404673c4f00a3335aef25521bd5fa8c707ec3833934892", size = 2970991 },
    { url = "https://files.pythonhosted.org/packages/33/97/c1a8f28329ad794d18fc61bf251268ac03959bf93b82fdd7701ac6931fed/h5py-3.11.0-cp38-cp38-macosx_10_9_x86_64.whl", hash = "sha256:754c0c2e373d13d6309f408325343b642eb0f40f1a6ad21779cfa9502209e150", size = 3470228 },
    { url = "https://files.pythonhosted.org/packages/a4/1d/fd0b88c51c37bc8aeedecc4f4b48397f7ce13c87073aaf6912faec06e9f6/h5py-3.11.0-cp38-cp38-macosx_11_0_arm64.whl", hash = "sha256:731839240c59ba219d4cb3bc5880d438248533366f102402cfa0621b71796b62", size = 2935809 },
    { url = "https://files.pythonhosted.org/packages/86/43/fd0bd74462b3c3fb35d98568935d3e5a435c8ec24d45ef408ac8869166af/h5py-3.11.0-cp38-cp38-manylinux_2_17_x86_64.manylinux2014_x86_64.whl", hash = "sha256:8ec9df3dd2018904c4cc06331951e274f3f3fd091e6d6cc350aaa90fa9b42a76", size = 5309045 },
    { url = "https://files.pythonhosted.org/packages/15/9a/b5456e1acc4abb382938d4a730600823bfe77a4bbfd29140ccbf01ba5596/h5py-3.11.0-cp38-cp38-win_amd64.whl", hash = "sha256:55106b04e2c83dfb73dc8732e9abad69d83a436b5b82b773481d95d17b9685e1", size = 2989172 },
    { url = "https://files.pythonhosted.org/packages/c2/1f/36a84945616881bd47e6c40dcdca7e929bc811725d78d001eddba6864185/h5py-3.11.0-cp39-cp39-macosx_10_9_x86_64.whl", hash = "sha256:f4e025e852754ca833401777c25888acb96889ee2c27e7e629a19aee288833f0", size = 3490090 },
    { url = "https://files.pythonhosted.org/packages/3c/fb/e213586de5ea56f1747a843e725c62eef350512be57452186996ba660d52/h5py-3.11.0-cp39-cp39-macosx_11_0_arm64.whl", hash = "sha256:6c4b760082626120031d7902cd983d8c1f424cdba2809f1067511ef283629d4b", size = 2951710 },
    { url = "https://files.pythonhosted.org/packages/71/28/69a881e01f198ccdb65c36f7adcfef22bfe85e38ffbfdf833af24f58eb5e/h5py-3.11.0-cp39-cp39-manylinux_2_17_x86_64.manylinux2014_x86_64.whl", hash = "sha256:67462d0669f8f5459529de179f7771bd697389fcb3faab54d63bf788599a48ea", size = 5326481 },
    { url = "https://files.pythonhosted.org/packages/c3/61/0b35ad9aac0ab0a33365879556fdb824fc83013df69b247386690db59015/h5py-3.11.0-cp39-cp39-win_amd64.whl", hash = "sha256:d9c944d364688f827dc889cf83f1fca311caf4fa50b19f009d1f2b525edd33a3", size = 2978689 },
]

[[package]]
name = "numpy"
version = "1.24.4"
source = { registry = "https://pypi.org/simple" }
sdist = { url = "https://files.pythonhosted.org/packages/a4/9b/027bec52c633f6556dba6b722d9a0befb40498b9ceddd29cbe67a45a127c/numpy-1.24.4.tar.gz", hash = "sha256:80f5e3a4e498641401868df4208b74581206afbee7cf7b8329daae82676d9463", size = 10911229 }
wheels = [
    { url = "https://files.pythonhosted.org/packages/6b/80/6cdfb3e275d95155a34659163b83c09e3a3ff9f1456880bec6cc63d71083/numpy-1.24.4-cp310-cp310-macosx_10_9_x86_64.whl", hash = "sha256:c0bfb52d2169d58c1cdb8cc1f16989101639b34c7d3ce60ed70b19c63eba0b64", size = 19789140 },
    { url = "https://files.pythonhosted.org/packages/64/5f/3f01d753e2175cfade1013eea08db99ba1ee4bdb147ebcf3623b75d12aa7/numpy-1.24.4-cp310-cp310-macosx_11_0_arm64.whl", hash = "sha256:ed094d4f0c177b1b8e7aa9cba7d6ceed51c0e569a5318ac0ca9a090680a6a1b1", size = 13854297 },
    { url = "https://files.pythonhosted.org/packages/5a/b3/2f9c21d799fa07053ffa151faccdceeb69beec5a010576b8991f614021f7/numpy-1.24.4-cp310-cp310-manylinux_2_17_aarch64.manylinux2014_aarch64.whl", hash = "sha256:79fc682a374c4a8ed08b331bef9c5f582585d1048fa6d80bc6c35bc384eee9b4", size = 13995611 },
    { url = "https://files.pythonhosted.org/packages/10/be/ae5bf4737cb79ba437879915791f6f26d92583c738d7d960ad94e5c36adf/numpy-1.24.4-cp310-cp310-manylinux_2_17_x86_64.manylinux2014_x86_64.whl", hash = "sha256:7ffe43c74893dbf38c2b0a1f5428760a1a9c98285553c89e12d70a96a7f3a4d6", size = 17282357 },
    { url = "https://files.pythonhosted.org/packages/c0/64/908c1087be6285f40e4b3e79454552a701664a079321cff519d8c7051d06/numpy-1.24.4-cp310-cp310-win32.whl", hash = "sha256:4c21decb6ea94057331e111a5bed9a79d335658c27ce2adb580fb4d54f2ad9bc", size = 12429222 },
    { url = "https://files.pythonhosted.org/packages/22/55/3d5a7c1142e0d9329ad27cece17933b0e2ab4e54ddc5c1861fbfeb3f7693/numpy-1.24.4-cp310-cp310-win_amd64.whl", hash = "sha256:b4bea75e47d9586d31e892a7401f76e909712a0fd510f58f5337bea9572c571e", size = 14841514 },
    { url = "https://files.pythonhosted.org/packages/a9/cc/5ed2280a27e5dab12994c884f1f4d8c3bd4d885d02ae9e52a9d213a6a5e2/numpy-1.24.4-cp311-cp311-macosx_10_9_x86_64.whl", hash = "sha256:f136bab9c2cfd8da131132c2cf6cc27331dd6fae65f95f69dcd4ae3c3639c810", size = 19775508 },
    { url = "https://files.pythonhosted.org/packages/c0/bc/77635c657a3668cf652806210b8662e1aff84b818a55ba88257abf6637a8/numpy-1.24.4-cp311-cp311-macosx_11_0_arm64.whl", hash = "sha256:e2926dac25b313635e4d6cf4dc4e51c8c0ebfed60b801c799ffc4c32bf3d1254", size = 13840033 },
    { url = "https://files.pythonhosted.org/packages/a7/4c/96cdaa34f54c05e97c1c50f39f98d608f96f0677a6589e64e53104e22904/numpy-1.24.4-cp311-cp311-manylinux_2_17_aarch64.manylinux2014_aarch64.whl", hash = "sha256:222e40d0e2548690405b0b3c7b21d1169117391c2e82c378467ef9ab4c8f0da7", size = 13991951 },
    { url = "https://files.pythonhosted.org/packages/22/97/dfb1a31bb46686f09e68ea6ac5c63fdee0d22d7b23b8f3f7ea07712869ef/numpy-1.24.4-cp311-cp311-manylinux_2_17_x86_64.manylinux2014_x86_64.whl", hash = "sha256:7215847ce88a85ce39baf9e89070cb860c98fdddacbaa6c0da3ffb31b3350bd5", size = 17278923 },
    { url = "https://files.pythonhosted.org/packages/35/e2/76a11e54139654a324d107da1d98f99e7aa2a7ef97cfd7c631fba7dbde71/numpy-1.24.4-cp311-cp311-win32.whl", hash = "sha256:4979217d7de511a8d57f4b4b5b2b965f707768440c17cb70fbf254c4b225238d", size = 12422446 },
    { url = "https://files.pythonhosted.org/packages/d8/ec/ebef2f7d7c28503f958f0f8b992e7ce606fb74f9e891199329d5f5f87404/numpy-1.24.4-cp311-cp311-win_amd64.whl", hash = "sha256:b7b1fc9864d7d39e28f41d089bfd6353cb5f27ecd9905348c24187a768c79694", size = 14834466 },
    { url = "https://files.pythonhosted.org/packages/11/10/943cfb579f1a02909ff96464c69893b1d25be3731b5d3652c2e0cf1281ea/numpy-1.24.4-cp38-cp38-macosx_10_9_x86_64.whl", hash = "sha256:1452241c290f3e2a312c137a9999cdbf63f78864d63c79039bda65ee86943f61", size = 19780722 },
    { url = "https://files.pythonhosted.org/packages/a7/ae/f53b7b265fdc701e663fbb322a8e9d4b14d9cb7b2385f45ddfabfc4327e4/numpy-1.24.4-cp38-cp38-macosx_11_0_arm64.whl", hash = "sha256:04640dab83f7c6c85abf9cd729c5b65f1ebd0ccf9de90b270cd61935eef0197f", size = 13843102 },
    { url = "https://files.pythonhosted.org/packages/25/6f/2586a50ad72e8dbb1d8381f837008a0321a3516dfd7cb57fc8cf7e4bb06b/numpy-1.24.4-cp38-cp38-manylinux_2_17_aarch64.manylinux2014_aarch64.whl", hash = "sha256:a5425b114831d1e77e4b5d812b69d11d962e104095a5b9c3b641a218abcc050e", size = 14039616 },
    { url = "https://files.pythonhosted.org/packages/98/5d/5738903efe0ecb73e51eb44feafba32bdba2081263d40c5043568ff60faf/numpy-1.24.4-cp38-cp38-manylinux_2_17_x86_64.manylinux2014_x86_64.whl", hash = "sha256:dd80e219fd4c71fc3699fc1dadac5dcf4fd882bfc6f7ec53d30fa197b8ee22dc", size = 17316263 },
    { url = "https://files.pythonhosted.org/packages/d1/57/8d328f0b91c733aa9aa7ee540dbc49b58796c862b4fbcb1146c701e888da/numpy-1.24.4-cp38-cp38-win32.whl", hash = "sha256:4602244f345453db537be5314d3983dbf5834a9701b7723ec28923e2889e0bb2", size = 12455660 },
    { url = "https://files.pythonhosted.org/packages/69/65/0d47953afa0ad569d12de5f65d964321c208492064c38fe3b0b9744f8d44/numpy-1.24.4-cp38-cp38-win_amd64.whl", hash = "sha256:692f2e0f55794943c5bfff12b3f56f99af76f902fc47487bdfe97856de51a706", size = 14868112 },
    { url = "https://files.pythonhosted.org/packages/9a/cd/d5b0402b801c8a8b56b04c1e85c6165efab298d2f0ab741c2406516ede3a/numpy-1.24.4-cp39-cp39-macosx_10_9_x86_64.whl", hash = "sha256:2541312fbf09977f3b3ad449c4e5f4bb55d0dbf79226d7724211acc905049400", size = 19816549 },
    { url = "https://files.pythonhosted.org/packages/14/27/638aaa446f39113a3ed38b37a66243e21b38110d021bfcb940c383e120f2/numpy-1.24.4-cp39-cp39-macosx_11_0_arm64.whl", hash = "sha256:9667575fb6d13c95f1b36aca12c5ee3356bf001b714fc354eb5465ce1609e62f", size = 13879950 },
    { url = "https://files.pythonhosted.org/packages/8f/27/91894916e50627476cff1a4e4363ab6179d01077d71b9afed41d9e1f18bf/numpy-1.24.4-cp39-cp39-manylinux_2_17_aarch64.manylinux2014_aarch64.whl", hash = "sha256:f3a86ed21e4f87050382c7bc96571755193c4c1392490744ac73d660e8f564a9", size = 14030228 },
    { url = "https://files.pythonhosted.org/packages/7a/7c/d7b2a0417af6428440c0ad7cb9799073e507b1a465f827d058b826236964/numpy-1.24.4-cp39-cp39-manylinux_2_17_x86_64.manylinux2014_x86_64.whl", hash = "sha256:d11efb4dbecbdf22508d55e48d9c8384db795e1b7b51ea735289ff96613ff74d", size = 17311170 },
    { url = "https://files.pythonhosted.org/packages/18/9d/e02ace5d7dfccee796c37b995c63322674daf88ae2f4a4724c5dd0afcc91/numpy-1.24.4-cp39-cp39-win32.whl", hash = "sha256:6620c0acd41dbcb368610bb2f4d83145674040025e5536954782467100aa8835", size = 12454918 },
    { url = "https://files.pythonhosted.org/packages/63/38/6cc19d6b8bfa1d1a459daf2b3fe325453153ca7019976274b6f33d8b5663/numpy-1.24.4-cp39-cp39-win_amd64.whl", hash = "sha256:befe2bf740fd8373cf56149a5c23a0f601e82869598d41f8e188a0e9869926f8", size = 14867441 },
    { url = "https://files.pythonhosted.org/packages/a4/fd/8dff40e25e937c94257455c237b9b6bf5a30d42dd1cc11555533be099492/numpy-1.24.4-pp38-pypy38_pp73-macosx_10_9_x86_64.whl", hash = "sha256:31f13e25b4e304632a4619d0e0777662c2ffea99fcae2029556b17d8ff958aef", size = 19156590 },
    { url = "https://files.pythonhosted.org/packages/42/e7/4bf953c6e05df90c6d351af69966384fed8e988d0e8c54dad7103b59f3ba/numpy-1.24.4-pp38-pypy38_pp73-manylinux_2_17_x86_64.manylinux2014_x86_64.whl", hash = "sha256:95f7ac6540e95bc440ad77f56e520da5bf877f87dca58bd095288dce8940532a", size = 16705744 },
    { url = "https://files.pythonhosted.org/packages/fc/dd/9106005eb477d022b60b3817ed5937a43dad8fd1f20b0610ea8a32fcb407/numpy-1.24.4-pp38-pypy38_pp73-win_amd64.whl", hash = "sha256:e98f220aa76ca2a977fe435f5b04d7b3470c0a2e6312907b37ba6068f26787f2", size = 14734290 },
]

[[package]]
name = "simapy"
version = "5.0.0.dev0"
source = { editable = "." }
dependencies = [
    { name = "dmtpy" },
    { name = "numpy" },
]

[package.metadata]
requires-dist = [
    { name = "dmtpy", specifier = "==0.3.4" },
    { name = "numpy" },
]
